// !$*UTF8*$!
{
	archiveVersion = 1;
	classes = {
	};
	objectVersion = 50;
	objects = {

/* Begin PBXBuildFile section */
		AFFAD78F225BDE2B00DB92FB /* AppDelegate.swift in Sources */ = {isa = PBXBuildFile; fileRef = AFFAD78E225BDE2B00DB92FB /* AppDelegate.swift */; };
		AFFAD794225BDE2B00DB92FB /* Main.storyboard in Resources */ = {isa = PBXBuildFile; fileRef = AFFAD792225BDE2B00DB92FB /* Main.storyboard */; };
		AFFAD796225BDE2D00DB92FB /* Assets.xcassets in Resources */ = {isa = PBXBuildFile; fileRef = AFFAD795225BDE2D00DB92FB /* Assets.xcassets */; };
		AFFAD799225BDE2D00DB92FB /* LaunchScreen.storyboard in Resources */ = {isa = PBXBuildFile; fileRef = AFFAD797225BDE2D00DB92FB /* LaunchScreen.storyboard */; };
		AFFAD7A5225BDEE300DB92FB /* CloudKit.framework in Frameworks */ = {isa = PBXBuildFile; fileRef = AFFAD7A4225BDEE300DB92FB /* CloudKit.framework */; };
		AFFAD7A7225BDF1B00DB92FB /* Entry.swift in Sources */ = {isa = PBXBuildFile; fileRef = AFFAD7A6225BDF1B00DB92FB /* Entry.swift */; };
		AFFAD7AA225BEEB800DB92FB /* EntryController.swift in Sources */ = {isa = PBXBuildFile; fileRef = AFFAD7A9225BEEB800DB92FB /* EntryController.swift */; };
		AFFAD7AD225BFA3B00DB92FB /* EntryListTableViewController.swift in Sources */ = {isa = PBXBuildFile; fileRef = AFFAD7AC225BFA3B00DB92FB /* EntryListTableViewController.swift */; };
		AFFAD7B2225BFD8200DB92FB /* EntryDetailViewController.swift in Sources */ = {isa = PBXBuildFile; fileRef = AFFAD7B1225BFD8200DB92FB /* EntryDetailViewController.swift */; };
/* End PBXBuildFile section */

/* Begin PBXFileReference section */
		AFFAD78B225BDE2B00DB92FB /* JournalCK25.app */ = {isa = PBXFileReference; explicitFileType = wrapper.application; includeInIndex = 0; path = JournalCK25.app; sourceTree = BUILT_PRODUCTS_DIR; };
		AFFAD78E225BDE2B00DB92FB /* AppDelegate.swift */ = {isa = PBXFileReference; lastKnownFileType = sourcecode.swift; path = AppDelegate.swift; sourceTree = "<group>"; };
		AFFAD793225BDE2B00DB92FB /* Base */ = {isa = PBXFileReference; lastKnownFileType = file.storyboard; name = Base; path = Base.lproj/Main.storyboard; sourceTree = "<group>"; };
		AFFAD795225BDE2D00DB92FB /* Assets.xcassets */ = {isa = PBXFileReference; lastKnownFileType = folder.assetcatalog; path = Assets.xcassets; sourceTree = "<group>"; };
		AFFAD798225BDE2D00DB92FB /* Base */ = {isa = PBXFileReference; lastKnownFileType = file.storyboard; name = Base; path = Base.lproj/LaunchScreen.storyboard; sourceTree = "<group>"; };
		AFFAD79A225BDE2D00DB92FB /* Info.plist */ = {isa = PBXFileReference; lastKnownFileType = text.plist.xml; path = Info.plist; sourceTree = "<group>"; };
		AFFAD7A2225BDEE100DB92FB /* JournalCK25.entitlements */ = {isa = PBXFileReference; lastKnownFileType = text.plist.entitlements; path = JournalCK25.entitlements; sourceTree = "<group>"; };
		AFFAD7A4225BDEE300DB92FB /* CloudKit.framework */ = {isa = PBXFileReference; lastKnownFileType = wrapper.framework; name = CloudKit.framework; path = System/Library/Frameworks/CloudKit.framework; sourceTree = SDKROOT; };
		AFFAD7A6225BDF1B00DB92FB /* Entry.swift */ = {isa = PBXFileReference; lastKnownFileType = sourcecode.swift; path = Entry.swift; sourceTree = "<group>"; };
		AFFAD7A9225BEEB800DB92FB /* EntryController.swift */ = {isa = PBXFileReference; lastKnownFileType = sourcecode.swift; path = EntryController.swift; sourceTree = "<group>"; };
		AFFAD7AC225BFA3B00DB92FB /* EntryListTableViewController.swift */ = {isa = PBXFileReference; lastKnownFileType = sourcecode.swift; path = EntryListTableViewController.swift; sourceTree = "<group>"; };
		AFFAD7B1225BFD8200DB92FB /* EntryDetailViewController.swift */ = {isa = PBXFileReference; lastKnownFileType = sourcecode.swift; path = EntryDetailViewController.swift; sourceTree = "<group>"; };
/* End PBXFileReference section */

/* Begin PBXFrameworksBuildPhase section */
		AFFAD788225BDE2B00DB92FB /* Frameworks */ = {
			isa = PBXFrameworksBuildPhase;
			buildActionMask = 2147483647;
			files = (
				AFFAD7A5225BDEE300DB92FB /* CloudKit.framework in Frameworks */,
			);
			runOnlyForDeploymentPostprocessing = 0;
		};
/* End PBXFrameworksBuildPhase section */

/* Begin PBXGroup section */
		AFFAD782225BDE2B00DB92FB = {
			isa = PBXGroup;
			children = (
				AFFAD78D225BDE2B00DB92FB /* JournalCK25 */,
				AFFAD78C225BDE2B00DB92FB /* Products */,
				AFFAD7A3225BDEE300DB92FB /* Frameworks */,
			);
			sourceTree = "<group>";
		};
		AFFAD78C225BDE2B00DB92FB /* Products */ = {
			isa = PBXGroup;
			children = (
				AFFAD78B225BDE2B00DB92FB /* JournalCK25.app */,
			);
			name = Products;
			sourceTree = "<group>";
		};
		AFFAD78D225BDE2B00DB92FB /* JournalCK25 */ = {
			isa = PBXGroup;
			children = (
				AFFAD7A8225BDF2000DB92FB /* Models */,
				AFFAD7AB225BEEBC00DB92FB /* Model Controllers */,
				AFFAD7A2225BDEE100DB92FB /* JournalCK25.entitlements */,
				AFFAD7A1225BDE4D00DB92FB /* Storyboard */,
				AFFAD7A0225BDE4200DB92FB /* Resources */,
				AFFAD7AE225BFD4F00DB92FB /* View Controllers */,
			);
			path = JournalCK25;
			sourceTree = "<group>";
		};
		AFFAD7A0225BDE4200DB92FB /* Resources */ = {
			isa = PBXGroup;
			children = (
				AFFAD78E225BDE2B00DB92FB /* AppDelegate.swift */,
				AFFAD795225BDE2D00DB92FB /* Assets.xcassets */,
				AFFAD797225BDE2D00DB92FB /* LaunchScreen.storyboard */,
				AFFAD79A225BDE2D00DB92FB /* Info.plist */,
			);
			path = Resources;
			sourceTree = "<group>";
		};
		AFFAD7A1225BDE4D00DB92FB /* Storyboard */ = {
			isa = PBXGroup;
			children = (
				AFFAD792225BDE2B00DB92FB /* Main.storyboard */,
			);
			path = Storyboard;
			sourceTree = "<group>";
		};
		AFFAD7A3225BDEE300DB92FB /* Frameworks */ = {
			isa = PBXGroup;
			children = (
				AFFAD7A4225BDEE300DB92FB /* CloudKit.framework */,
			);
			name = Frameworks;
			sourceTree = "<group>";
		};
		AFFAD7A8225BDF2000DB92FB /* Models */ = {
			isa = PBXGroup;
			children = (
				AFFAD7A6225BDF1B00DB92FB /* Entry.swift */,
			);
			path = Models;
			sourceTree = "<group>";
		};
		AFFAD7AB225BEEBC00DB92FB /* Model Controllers */ = {
			isa = PBXGroup;
			children = (
				AFFAD7A9225BEEB800DB92FB /* EntryController.swift */,
			);
			path = "Model Controllers";
			sourceTree = "<group>";
		};
		AFFAD7AE225BFD4F00DB92FB /* View Controllers */ = {
			isa = PBXGroup;
			children = (
				AFFAD7AC225BFA3B00DB92FB /* EntryListTableViewController.swift */,
				AFFAD7B1225BFD8200DB92FB /* EntryDetailViewController.swift */,
			);
			path = "View Controllers";
			sourceTree = "<group>";
		};
/* End PBXGroup section */

/* Begin PBXNativeTarget section */
		AFFAD78A225BDE2B00DB92FB /* JournalCK25 */ = {
			isa = PBXNativeTarget;
			buildConfigurationList = AFFAD79D225BDE2D00DB92FB /* Build configuration list for PBXNativeTarget "JournalCK25" */;
			buildPhases = (
				AFFAD787225BDE2B00DB92FB /* Sources */,
				AFFAD788225BDE2B00DB92FB /* Frameworks */,
				AFFAD789225BDE2B00DB92FB /* Resources */,
			);
			buildRules = (
			);
			dependencies = (
			);
			name = JournalCK25;
			productName = JournalCK25;
			productReference = AFFAD78B225BDE2B00DB92FB /* JournalCK25.app */;
			productType = "com.apple.product-type.application";
		};
/* End PBXNativeTarget section */

/* Begin PBXProject section */
		AFFAD783225BDE2B00DB92FB /* Project object */ = {
			isa = PBXProject;
			attributes = {
				LastSwiftUpdateCheck = 1020;
				LastUpgradeCheck = 1020;
				ORGANIZATIONNAME = "Hannah Hoff";
				TargetAttributes = {
					AFFAD78A225BDE2B00DB92FB = {
						CreatedOnToolsVersion = 10.2;
						SystemCapabilities = {
							com.apple.Push = {
								enabled = 1;
							};
							com.apple.iCloud = {
								enabled = 1;
							};
						};
					};
				};
			};
			buildConfigurationList = AFFAD786225BDE2B00DB92FB /* Build configuration list for PBXProject "JournalCK25" */;
			compatibilityVersion = "Xcode 9.3";
			developmentRegion = en;
			hasScannedForEncodings = 0;
			knownRegions = (
				en,
				Base,
			);
			mainGroup = AFFAD782225BDE2B00DB92FB;
			productRefGroup = AFFAD78C225BDE2B00DB92FB /* Products */;
			projectDirPath = "";
			projectRoot = "";
			targets = (
				AFFAD78A225BDE2B00DB92FB /* JournalCK25 */,
			);
		};
/* End PBXProject section */

/* Begin PBXResourcesBuildPhase section */
		AFFAD789225BDE2B00DB92FB /* Resources */ = {
			isa = PBXResourcesBuildPhase;
			buildActionMask = 2147483647;
			files = (
				AFFAD799225BDE2D00DB92FB /* LaunchScreen.storyboard in Resources */,
				AFFAD796225BDE2D00DB92FB /* Assets.xcassets in Resources */,
				AFFAD794225BDE2B00DB92FB /* Main.storyboard in Resources */,
			);
			runOnlyForDeploymentPostprocessing = 0;
		};
/* End PBXResourcesBuildPhase section */

/* Begin PBXSourcesBuildPhase section */
		AFFAD787225BDE2B00DB92FB /* Sources */ = {
			isa = PBXSourcesBuildPhase;
			buildActionMask = 2147483647;
			files = (
				AFFAD7AA225BEEB800DB92FB /* EntryController.swift in Sources */,
				AFFAD7A7225BDF1B00DB92FB /* Entry.swift in Sources */,
				AFFAD7AD225BFA3B00DB92FB /* EntryListTableViewController.swift in Sources */,
				AFFAD7B2225BFD8200DB92FB /* EntryDetailViewController.swift in Sources */,
				AFFAD78F225BDE2B00DB92FB /* AppDelegate.swift in Sources */,
			);
			runOnlyForDeploymentPostprocessing = 0;
		};
/* End PBXSourcesBuildPhase section */

/* Begin PBXVariantGroup section */
		AFFAD792225BDE2B00DB92FB /* Main.storyboard */ = {
			isa = PBXVariantGroup;
			children = (
				AFFAD793225BDE2B00DB92FB /* Base */,
			);
			name = Main.storyboard;
			sourceTree = "<group>";
		};
		AFFAD797225BDE2D00DB92FB /* LaunchScreen.storyboard */ = {
			isa = PBXVariantGroup;
			children = (
				AFFAD798225BDE2D00DB92FB /* Base */,
			);
			name = LaunchScreen.storyboard;
			sourceTree = "<group>";
		};
/* End PBXVariantGroup section */

/* Begin XCBuildConfiguration section */
		AFFAD79B225BDE2D00DB92FB /* Debug */ = {
			isa = XCBuildConfiguration;
			buildSettings = {
				ALWAYS_SEARCH_USER_PATHS = NO;
				CLANG_ANALYZER_NONNULL = YES;
				CLANG_ANALYZER_NUMBER_OBJECT_CONVERSION = YES_AGGRESSIVE;
				CLANG_CXX_LANGUAGE_STANDARD = "gnu++14";
				CLANG_CXX_LIBRARY = "libc++";
				CLANG_ENABLE_MODULES = YES;
				CLANG_ENABLE_OBJC_ARC = YES;
				CLANG_ENABLE_OBJC_WEAK = YES;
				CLANG_WARN_BLOCK_CAPTURE_AUTORELEASING = YES;
				CLANG_WARN_BOOL_CONVERSION = YES;
				CLANG_WARN_COMMA = YES;
				CLANG_WARN_CONSTANT_CONVERSION = YES;
				CLANG_WARN_DEPRECATED_OBJC_IMPLEMENTATIONS = YES;
				CLANG_WARN_DIRECT_OBJC_ISA_USAGE = YES_ERROR;
				CLANG_WARN_DOCUMENTATION_COMMENTS = YES;
				CLANG_WARN_EMPTY_BODY = YES;
				CLANG_WARN_ENUM_CONVERSION = YES;
				CLANG_WARN_INFINITE_RECURSION = YES;
				CLANG_WARN_INT_CONVERSION = YES;
				CLANG_WARN_NON_LITERAL_NULL_CONVERSION = YES;
				CLANG_WARN_OBJC_IMPLICIT_RETAIN_SELF = YES;
				CLANG_WARN_OBJC_LITERAL_CONVERSION = YES;
				CLANG_WARN_OBJC_ROOT_CLASS = YES_ERROR;
				CLANG_WARN_RANGE_LOOP_ANALYSIS = YES;
				CLANG_WARN_STRICT_PROTOTYPES = YES;
				CLANG_WARN_SUSPICIOUS_MOVE = YES;
				CLANG_WARN_UNGUARDED_AVAILABILITY = YES_AGGRESSIVE;
				CLANG_WARN_UNREACHABLE_CODE = YES;
				CLANG_WARN__DUPLICATE_METHOD_MATCH = YES;
				CODE_SIGN_IDENTITY = "iPhone Developer";
				COPY_PHASE_STRIP = NO;
				DEBUG_INFORMATION_FORMAT = dwarf;
				ENABLE_STRICT_OBJC_MSGSEND = YES;
				ENABLE_TESTABILITY = YES;
				GCC_C_LANGUAGE_STANDARD = gnu11;
				GCC_DYNAMIC_NO_PIC = NO;
				GCC_NO_COMMON_BLOCKS = YES;
				GCC_OPTIMIZATION_LEVEL = 0;
				GCC_PREPROCESSOR_DEFINITIONS = (
					"DEBUG=1",
					"$(inherited)",
				);
				GCC_WARN_64_TO_32_BIT_CONVERSION = YES;
				GCC_WARN_ABOUT_RETURN_TYPE = YES_ERROR;
				GCC_WARN_UNDECLARED_SELECTOR = YES;
				GCC_WARN_UNINITIALIZED_AUTOS = YES_AGGRESSIVE;
				GCC_WARN_UNUSED_FUNCTION = YES;
				GCC_WARN_UNUSED_VARIABLE = YES;
				IPHONEOS_DEPLOYMENT_TARGET = 12.2;
				MTL_ENABLE_DEBUG_INFO = INCLUDE_SOURCE;
				MTL_FAST_MATH = YES;
				ONLY_ACTIVE_ARCH = YES;
				SDKROOT = iphoneos;
				SWIFT_ACTIVE_COMPILATION_CONDITIONS = DEBUG;
				SWIFT_OPTIMIZATION_LEVEL = "-Onone";
			};
			name = Debug;
		};
		AFFAD79C225BDE2D00DB92FB /* Release */ = {
			isa = XCBuildConfiguration;
			buildSettings = {
				ALWAYS_SEARCH_USER_PATHS = NO;
				CLANG_ANALYZER_NONNULL = YES;
				CLANG_ANALYZER_NUMBER_OBJECT_CONVERSION = YES_AGGRESSIVE;
				CLANG_CXX_LANGUAGE_STANDARD = "gnu++14";
				CLANG_CXX_LIBRARY = "libc++";
				CLANG_ENABLE_MODULES = YES;
				CLANG_ENABLE_OBJC_ARC = YES;
				CLANG_ENABLE_OBJC_WEAK = YES;
				CLANG_WARN_BLOCK_CAPTURE_AUTORELEASING = YES;
				CLANG_WARN_BOOL_CONVERSION = YES;
				CLANG_WARN_COMMA = YES;
				CLANG_WARN_CONSTANT_CONVERSION = YES;
				CLANG_WARN_DEPRECATED_OBJC_IMPLEMENTATIONS = YES;
				CLANG_WARN_DIRECT_OBJC_ISA_USAGE = YES_ERROR;
				CLANG_WARN_DOCUMENTATION_COMMENTS = YES;
				CLANG_WARN_EMPTY_BODY = YES;
				CLANG_WARN_ENUM_CONVERSION = YES;
				CLANG_WARN_INFINITE_RECURSION = YES;
				CLANG_WARN_INT_CONVERSION = YES;
				CLANG_WARN_NON_LITERAL_NULL_CONVERSION = YES;
				CLANG_WARN_OBJC_IMPLICIT_RETAIN_SELF = YES;
				CLANG_WARN_OBJC_LITERAL_CONVERSION = YES;
				CLANG_WARN_OBJC_ROOT_CLASS = YES_ERROR;
				CLANG_WARN_RANGE_LOOP_ANALYSIS = YES;
				CLANG_WARN_STRICT_PROTOTYPES = YES;
				CLANG_WARN_SUSPICIOUS_MOVE = YES;
				CLANG_WARN_UNGUARDED_AVAILABILITY = YES_AGGRESSIVE;
				CLANG_WARN_UNREACHABLE_CODE = YES;
				CLANG_WARN__DUPLICATE_METHOD_MATCH = YES;
				CODE_SIGN_IDENTITY = "iPhone Developer";
				COPY_PHASE_STRIP = NO;
				DEBUG_INFORMATION_FORMAT = "dwarf-with-dsym";
				ENABLE_NS_ASSERTIONS = NO;
				ENABLE_STRICT_OBJC_MSGSEND = YES;
				GCC_C_LANGUAGE_STANDARD = gnu11;
				GCC_NO_COMMON_BLOCKS = YES;
				GCC_WARN_64_TO_32_BIT_CONVERSION = YES;
				GCC_WARN_ABOUT_RETURN_TYPE = YES_ERROR;
				GCC_WARN_UNDECLARED_SELECTOR = YES;
				GCC_WARN_UNINITIALIZED_AUTOS = YES_AGGRESSIVE;
				GCC_WARN_UNUSED_FUNCTION = YES;
				GCC_WARN_UNUSED_VARIABLE = YES;
				IPHONEOS_DEPLOYMENT_TARGET = 12.2;
				MTL_ENABLE_DEBUG_INFO = NO;
				MTL_FAST_MATH = YES;
				SDKROOT = iphoneos;
				SWIFT_COMPILATION_MODE = wholemodule;
				SWIFT_OPTIMIZATION_LEVEL = "-O";
				VALIDATE_PRODUCT = YES;
			};
			name = Release;
		};
		AFFAD79E225BDE2D00DB92FB /* Debug */ = {
			isa = XCBuildConfiguration;
			buildSettings = {
				ASSETCATALOG_COMPILER_APPICON_NAME = AppIcon;
				CODE_SIGN_ENTITLEMENTS = JournalCK25/JournalCK25.entitlements;
				CODE_SIGN_STYLE = Automatic;
				DEVELOPMENT_TEAM = L5VMA54SBQ;
				INFOPLIST_FILE = "$(SRCROOT)/JournalCK25/Resources/Info.plist";
				LD_RUNPATH_SEARCH_PATHS = (
					"$(inherited)",
					"@executable_path/Frameworks",
				);
				PRODUCT_BUNDLE_IDENTIFIER = com.hannahhoff.JournalCK25;
				PRODUCT_NAME = "$(TARGET_NAME)";
				SWIFT_VERSION = 5.0;
				TARGETED_DEVICE_FAMILY = "1,2";
			};
			name = Debug;
		};
		AFFAD79F225BDE2D00DB92FB /* Release */ = {
			isa = XCBuildConfiguration;
			buildSettings = {
				ASSETCATALOG_COMPILER_APPICON_NAME = AppIcon;
				CODE_SIGN_ENTITLEMENTS = JournalCK25/JournalCK25.entitlements;
				CODE_SIGN_STYLE = Automatic;
				DEVELOPMENT_TEAM = L5VMA54SBQ;
				INFOPLIST_FILE = "$(SRCROOT)/JournalCK25/Resources/Info.plist";
				LD_RUNPATH_SEARCH_PATHS = (
					"$(inherited)",
					"@executable_path/Frameworks",
				);
				PRODUCT_BUNDLE_IDENTIFIER = com.hannahhoff.JournalCK25;
				PRODUCT_NAME = "$(TARGET_NAME)";
				SWIFT_VERSION = 5.0;
				TARGETED_DEVICE_FAMILY = "1,2";
			};
			name = Release;
		};
/* End XCBuildConfiguration section */

/* Begin XCConfigurationList section */
		AFFAD786225BDE2B00DB92FB /* Build configuration list for PBXProject "JournalCK25" */ = {
			isa = XCConfigurationList;
			buildConfigurations = (
				AFFAD79B225BDE2D00DB92FB /* Debug */,
				AFFAD79C225BDE2D00DB92FB /* Release */,
			);
			defaultConfigurationIsVisible = 0;
			defaultConfigurationName = Release;
		};
		AFFAD79D225BDE2D00DB92FB /* Build configuration list for PBXNativeTarget "JournalCK25" */ = {
			isa = XCConfigurationList;
			buildConfigurations = (
				AFFAD79E225BDE2D00DB92FB /* Debug */,
				AFFAD79F225BDE2D00DB92FB /* Release */,
			);
			defaultConfigurationIsVisible = 0;
			defaultConfigurationName = Release;
		};
/* End XCConfigurationList section */
	};
	rootObject = AFFAD783225BDE2B00DB92FB /* Project object */;
}
